// !$*UTF8*$!
{
	archiveVersion = 1;
	classes = {
	};
	objectVersion = 55;
	objects = {

/* Begin PBXBuildFile section */
		986D9E4A27C54353005B1AAD /* AppDelegate.swift in Sources */ = {isa = PBXBuildFile; fileRef = 986D9E4927C54353005B1AAD /* AppDelegate.swift */; };
		986D9E4C27C54353005B1AAD /* SceneDelegate.swift in Sources */ = {isa = PBXBuildFile; fileRef = 986D9E4B27C54353005B1AAD /* SceneDelegate.swift */; };
		986D9E4E27C54353005B1AAD /* ViewController.swift in Sources */ = {isa = PBXBuildFile; fileRef = 986D9E4D27C54353005B1AAD /* ViewController.swift */; };
		986D9E5127C54353005B1AAD /* Main.storyboard in Resources */ = {isa = PBXBuildFile; fileRef = 986D9E4F27C54353005B1AAD /* Main.storyboard */; };
		986D9E5327C54354005B1AAD /* Assets.xcassets in Resources */ = {isa = PBXBuildFile; fileRef = 986D9E5227C54354005B1AAD /* Assets.xcassets */; };
		986D9E5627C54354005B1AAD /* LaunchScreen.storyboard in Resources */ = {isa = PBXBuildFile; fileRef = 986D9E5427C54354005B1AAD /* LaunchScreen.storyboard */; };
		986D9E6127C54354005B1AAD /* WordGuessAppTests.swift in Sources */ = {isa = PBXBuildFile; fileRef = 986D9E6027C54354005B1AAD /* WordGuessAppTests.swift */; };
		986D9E6B27C54354005B1AAD /* WordGuessAppUITests.swift in Sources */ = {isa = PBXBuildFile; fileRef = 986D9E6A27C54354005B1AAD /* WordGuessAppUITests.swift */; };
		986D9E6D27C54354005B1AAD /* WordGuessAppUITestsLaunchTests.swift in Sources */ = {isa = PBXBuildFile; fileRef = 986D9E6C27C54354005B1AAD /* WordGuessAppUITestsLaunchTests.swift */; };
/* End PBXBuildFile section */

/* Begin PBXContainerItemProxy section */
		986D9E5D27C54354005B1AAD /* PBXContainerItemProxy */ = {
			isa = PBXContainerItemProxy;
			containerPortal = 986D9E3E27C54353005B1AAD /* Project object */;
			proxyType = 1;
			remoteGlobalIDString = 986D9E4527C54353005B1AAD;
			remoteInfo = WordGuessApp;
		};
		986D9E6727C54354005B1AAD /* PBXContainerItemProxy */ = {
			isa = PBXContainerItemProxy;
			containerPortal = 986D9E3E27C54353005B1AAD /* Project object */;
			proxyType = 1;
			remoteGlobalIDString = 986D9E4527C54353005B1AAD;
			remoteInfo = WordGuessApp;
		};
/* End PBXContainerItemProxy section */

/* Begin PBXFileReference section */
		986D9E4627C54353005B1AAD /* WordGuessApp.app */ = {isa = PBXFileReference; explicitFileType = wrapper.application; includeInIndex = 0; path = WordGuessApp.app; sourceTree = BUILT_PRODUCTS_DIR; };
		986D9E4927C54353005B1AAD /* AppDelegate.swift */ = {isa = PBXFileReference; lastKnownFileType = sourcecode.swift; path = AppDelegate.swift; sourceTree = "<group>"; };
		986D9E4B27C54353005B1AAD /* SceneDelegate.swift */ = {isa = PBXFileReference; lastKnownFileType = sourcecode.swift; path = SceneDelegate.swift; sourceTree = "<group>"; };
		986D9E4D27C54353005B1AAD /* ViewController.swift */ = {isa = PBXFileReference; lastKnownFileType = sourcecode.swift; path = ViewController.swift; sourceTree = "<group>"; };
		986D9E5027C54353005B1AAD /* Base */ = {isa = PBXFileReference; lastKnownFileType = file.storyboard; name = Base; path = Base.lproj/Main.storyboard; sourceTree = "<group>"; };
		986D9E5227C54354005B1AAD /* Assets.xcassets */ = {isa = PBXFileReference; lastKnownFileType = folder.assetcatalog; path = Assets.xcassets; sourceTree = "<group>"; };
		986D9E5527C54354005B1AAD /* Base */ = {isa = PBXFileReference; lastKnownFileType = file.storyboard; name = Base; path = Base.lproj/LaunchScreen.storyboard; sourceTree = "<group>"; };
		986D9E5727C54354005B1AAD /* Info.plist */ = {isa = PBXFileReference; lastKnownFileType = text.plist.xml; path = Info.plist; sourceTree = "<group>"; };
		986D9E5C27C54354005B1AAD /* WordGuessAppTests.xctest */ = {isa = PBXFileReference; explicitFileType = wrapper.cfbundle; includeInIndex = 0; path = WordGuessAppTests.xctest; sourceTree = BUILT_PRODUCTS_DIR; };
		986D9E6027C54354005B1AAD /* WordGuessAppTests.swift */ = {isa = PBXFileReference; lastKnownFileType = sourcecode.swift; path = WordGuessAppTests.swift; sourceTree = "<group>"; };
		986D9E6627C54354005B1AAD /* WordGuessAppUITests.xctest */ = {isa = PBXFileReference; explicitFileType = wrapper.cfbundle; includeInIndex = 0; path = WordGuessAppUITests.xctest; sourceTree = BUILT_PRODUCTS_DIR; };
		986D9E6A27C54354005B1AAD /* WordGuessAppUITests.swift */ = {isa = PBXFileReference; lastKnownFileType = sourcecode.swift; path = WordGuessAppUITests.swift; sourceTree = "<group>"; };
		986D9E6C27C54354005B1AAD /* WordGuessAppUITestsLaunchTests.swift */ = {isa = PBXFileReference; lastKnownFileType = sourcecode.swift; path = WordGuessAppUITestsLaunchTests.swift; sourceTree = "<group>"; };
/* End PBXFileReference section */

/* Begin PBXFrameworksBuildPhase section */
		986D9E4327C54353005B1AAD /* Frameworks */ = {
			isa = PBXFrameworksBuildPhase;
			buildActionMask = 2147483647;
			files = (
			);
			runOnlyForDeploymentPostprocessing = 0;
		};
		986D9E5927C54354005B1AAD /* Frameworks */ = {
			isa = PBXFrameworksBuildPhase;
			buildActionMask = 2147483647;
			files = (
			);
			runOnlyForDeploymentPostprocessing = 0;
		};
		986D9E6327C54354005B1AAD /* Frameworks */ = {
			isa = PBXFrameworksBuildPhase;
			buildActionMask = 2147483647;
			files = (
			);
			runOnlyForDeploymentPostprocessing = 0;
		};
/* End PBXFrameworksBuildPhase section */

/* Begin PBXGroup section */
		986D9E3D27C54353005B1AAD = {
			isa = PBXGroup;
			children = (
				986D9E4827C54353005B1AAD /* WordGuessApp */,
				986D9E5F27C54354005B1AAD /* WordGuessAppTests */,
				986D9E6927C54354005B1AAD /* WordGuessAppUITests */,
				986D9E4727C54353005B1AAD /* Products */,
			);
			sourceTree = "<group>";
		};
		986D9E4727C54353005B1AAD /* Products */ = {
			isa = PBXGroup;
			children = (
				986D9E4627C54353005B1AAD /* WordGuessApp.app */,
				986D9E5C27C54354005B1AAD /* WordGuessAppTests.xctest */,
				986D9E6627C54354005B1AAD /* WordGuessAppUITests.xctest */,
			);
			name = Products;
			sourceTree = "<group>";
		};
		986D9E4827C54353005B1AAD /* WordGuessApp */ = {
			isa = PBXGroup;
			children = (
				986D9E4927C54353005B1AAD /* AppDelegate.swift */,
				986D9E4B27C54353005B1AAD /* SceneDelegate.swift */,
				986D9E4D27C54353005B1AAD /* ViewController.swift */,
				986D9E4F27C54353005B1AAD /* Main.storyboard */,
				986D9E5227C54354005B1AAD /* Assets.xcassets */,
				986D9E5427C54354005B1AAD /* LaunchScreen.storyboard */,
				986D9E5727C54354005B1AAD /* Info.plist */,
			);
			path = WordGuessApp;
			sourceTree = "<group>";
		};
		986D9E5F27C54354005B1AAD /* WordGuessAppTests */ = {
			isa = PBXGroup;
			children = (
				986D9E6027C54354005B1AAD /* WordGuessAppTests.swift */,
			);
			path = WordGuessAppTests;
			sourceTree = "<group>";
		};
		986D9E6927C54354005B1AAD /* WordGuessAppUITests */ = {
			isa = PBXGroup;
			children = (
				986D9E6A27C54354005B1AAD /* WordGuessAppUITests.swift */,
				986D9E6C27C54354005B1AAD /* WordGuessAppUITestsLaunchTests.swift */,
			);
			path = WordGuessAppUITests;
			sourceTree = "<group>";
		};
/* End PBXGroup section */

/* Begin PBXNativeTarget section */
		986D9E4527C54353005B1AAD /* WordGuessApp */ = {
			isa = PBXNativeTarget;
			buildConfigurationList = 986D9E7027C54354005B1AAD /* Build configuration list for PBXNativeTarget "WordGuessApp" */;
			buildPhases = (
				986D9E4227C54353005B1AAD /* Sources */,
				986D9E4327C54353005B1AAD /* Frameworks */,
				986D9E4427C54353005B1AAD /* Resources */,
			);
			buildRules = (
			);
			dependencies = (
			);
			name = WordGuessApp;
			productName = WordGuessApp;
			productReference = 986D9E4627C54353005B1AAD /* WordGuessApp.app */;
			productType = "com.apple.product-type.application";
		};
		986D9E5B27C54354005B1AAD /* WordGuessAppTests */ = {
			isa = PBXNativeTarget;
			buildConfigurationList = 986D9E7327C54354005B1AAD /* Build configuration list for PBXNativeTarget "WordGuessAppTests" */;
			buildPhases = (
				986D9E5827C54354005B1AAD /* Sources */,
				986D9E5927C54354005B1AAD /* Frameworks */,
				986D9E5A27C54354005B1AAD /* Resources */,
			);
			buildRules = (
			);
			dependencies = (
				986D9E5E27C54354005B1AAD /* PBXTargetDependency */,
			);
			name = WordGuessAppTests;
			productName = WordGuessAppTests;
			productReference = 986D9E5C27C54354005B1AAD /* WordGuessAppTests.xctest */;
			productType = "com.apple.product-type.bundle.unit-test";
		};
		986D9E6527C54354005B1AAD /* WordGuessAppUITests */ = {
			isa = PBXNativeTarget;
			buildConfigurationList = 986D9E7627C54354005B1AAD /* Build configuration list for PBXNativeTarget "WordGuessAppUITests" */;
			buildPhases = (
				986D9E6227C54354005B1AAD /* Sources */,
				986D9E6327C54354005B1AAD /* Frameworks */,
				986D9E6427C54354005B1AAD /* Resources */,
			);
			buildRules = (
			);
			dependencies = (
				986D9E6827C54354005B1AAD /* PBXTargetDependency */,
			);
			name = WordGuessAppUITests;
			productName = WordGuessAppUITests;
			productReference = 986D9E6627C54354005B1AAD /* WordGuessAppUITests.xctest */;
			productType = "com.apple.product-type.bundle.ui-testing";
		};
/* End PBXNativeTarget section */

/* Begin PBXProject section */
		986D9E3E27C54353005B1AAD /* Project object */ = {
			isa = PBXProject;
			attributes = {
				BuildIndependentTargetsInParallel = 1;
				LastSwiftUpdateCheck = 1320;
				LastUpgradeCheck = 1320;
				TargetAttributes = {
					986D9E4527C54353005B1AAD = {
						CreatedOnToolsVersion = 13.2.1;
					};
					986D9E5B27C54354005B1AAD = {
						CreatedOnToolsVersion = 13.2.1;
						TestTargetID = 986D9E4527C54353005B1AAD;
					};
					986D9E6527C54354005B1AAD = {
						CreatedOnToolsVersion = 13.2.1;
						TestTargetID = 986D9E4527C54353005B1AAD;
					};
				};
			};
			buildConfigurationList = 986D9E4127C54353005B1AAD /* Build configuration list for PBXProject "WordGuessApp" */;
			compatibilityVersion = "Xcode 13.0";
			developmentRegion = en;
			hasScannedForEncodings = 0;
			knownRegions = (
				en,
				Base,
			);
			mainGroup = 986D9E3D27C54353005B1AAD;
			productRefGroup = 986D9E4727C54353005B1AAD /* Products */;
			projectDirPath = "";
			projectRoot = "";
			targets = (
				986D9E4527C54353005B1AAD /* WordGuessApp */,
				986D9E5B27C54354005B1AAD /* WordGuessAppTests */,
				986D9E6527C54354005B1AAD /* WordGuessAppUITests */,
			);
		};
/* End PBXProject section */

/* Begin PBXResourcesBuildPhase section */
		986D9E4427C54353005B1AAD /* Resources */ = {
			isa = PBXResourcesBuildPhase;
			buildActionMask = 2147483647;
			files = (
				986D9E5627C54354005B1AAD /* LaunchScreen.storyboard in Resources */,
				986D9E5327C54354005B1AAD /* Assets.xcassets in Resources */,
				986D9E5127C54353005B1AAD /* Main.storyboard in Resources */,
			);
			runOnlyForDeploymentPostprocessing = 0;
		};
		986D9E5A27C54354005B1AAD /* Resources */ = {
			isa = PBXResourcesBuildPhase;
			buildActionMask = 2147483647;
			files = (
			);
			runOnlyForDeploymentPostprocessing = 0;
		};
		986D9E6427C54354005B1AAD /* Resources */ = {
			isa = PBXResourcesBuildPhase;
			buildActionMask = 2147483647;
			files = (
			);
			runOnlyForDeploymentPostprocessing = 0;
		};
/* End PBXResourcesBuildPhase section */

/* Begin PBXSourcesBuildPhase section */
		986D9E4227C54353005B1AAD /* Sources */ = {
			isa = PBXSourcesBuildPhase;
			buildActionMask = 2147483647;
			files = (
				986D9E4E27C54353005B1AAD /* ViewController.swift in Sources */,
				986D9E4A27C54353005B1AAD /* AppDelegate.swift in Sources */,
				986D9E4C27C54353005B1AAD /* SceneDelegate.swift in Sources */,
			);
			runOnlyForDeploymentPostprocessing = 0;
		};
		986D9E5827C54354005B1AAD /* Sources */ = {
			isa = PBXSourcesBuildPhase;
			buildActionMask = 2147483647;
			files = (
				986D9E6127C54354005B1AAD /* WordGuessAppTests.swift in Sources */,
			);
			runOnlyForDeploymentPostprocessing = 0;
		};
		986D9E6227C54354005B1AAD /* Sources */ = {
			isa = PBXSourcesBuildPhase;
			buildActionMask = 2147483647;
			files = (
				986D9E6D27C54354005B1AAD /* WordGuessAppUITestsLaunchTests.swift in Sources */,
				986D9E6B27C54354005B1AAD /* WordGuessAppUITests.swift in Sources */,
			);
			runOnlyForDeploymentPostprocessing = 0;
		};
/* End PBXSourcesBuildPhase section */

/* Begin PBXTargetDependency section */
		986D9E5E27C54354005B1AAD /* PBXTargetDependency */ = {
			isa = PBXTargetDependency;
			target = 986D9E4527C54353005B1AAD /* WordGuessApp */;
			targetProxy = 986D9E5D27C54354005B1AAD /* PBXContainerItemProxy */;
		};
		986D9E6827C54354005B1AAD /* PBXTargetDependency */ = {
			isa = PBXTargetDependency;
			target = 986D9E4527C54353005B1AAD /* WordGuessApp */;
			targetProxy = 986D9E6727C54354005B1AAD /* PBXContainerItemProxy */;
		};
/* End PBXTargetDependency section */

/* Begin PBXVariantGroup section */
		986D9E4F27C54353005B1AAD /* Main.storyboard */ = {
			isa = PBXVariantGroup;
			children = (
				986D9E5027C54353005B1AAD /* Base */,
			);
			name = Main.storyboard;
			sourceTree = "<group>";
		};
		986D9E5427C54354005B1AAD /* LaunchScreen.storyboard */ = {
			isa = PBXVariantGroup;
			children = (
				986D9E5527C54354005B1AAD /* Base */,
			);
			name = LaunchScreen.storyboard;
			sourceTree = "<group>";
		};
/* End PBXVariantGroup section */

/* Begin XCBuildConfiguration section */
		986D9E6E27C54354005B1AAD /* Debug */ = {
			isa = XCBuildConfiguration;
			buildSettings = {
				ALWAYS_SEARCH_USER_PATHS = NO;
				CLANG_ANALYZER_NONNULL = YES;
				CLANG_ANALYZER_NUMBER_OBJECT_CONVERSION = YES_AGGRESSIVE;
				CLANG_CXX_LANGUAGE_STANDARD = "gnu++17";
				CLANG_CXX_LIBRARY = "libc++";
				CLANG_ENABLE_MODULES = YES;
				CLANG_ENABLE_OBJC_ARC = YES;
				CLANG_ENABLE_OBJC_WEAK = YES;
				CLANG_WARN_BLOCK_CAPTURE_AUTORELEASING = YES;
				CLANG_WARN_BOOL_CONVERSION = YES;
				CLANG_WARN_COMMA = YES;
				CLANG_WARN_CONSTANT_CONVERSION = YES;
				CLANG_WARN_DEPRECATED_OBJC_IMPLEMENTATIONS = YES;
				CLANG_WARN_DIRECT_OBJC_ISA_USAGE = YES_ERROR;
				CLANG_WARN_DOCUMENTATION_COMMENTS = YES;
				CLANG_WARN_EMPTY_BODY = YES;
				CLANG_WARN_ENUM_CONVERSION = YES;
				CLANG_WARN_INFINITE_RECURSION = YES;
				CLANG_WARN_INT_CONVERSION = YES;
				CLANG_WARN_NON_LITERAL_NULL_CONVERSION = YES;
				CLANG_WARN_OBJC_IMPLICIT_RETAIN_SELF = YES;
				CLANG_WARN_OBJC_LITERAL_CONVERSION = YES;
				CLANG_WARN_OBJC_ROOT_CLASS = YES_ERROR;
				CLANG_WARN_QUOTED_INCLUDE_IN_FRAMEWORK_HEADER = YES;
				CLANG_WARN_RANGE_LOOP_ANALYSIS = YES;
				CLANG_WARN_STRICT_PROTOTYPES = YES;
				CLANG_WARN_SUSPICIOUS_MOVE = YES;
				CLANG_WARN_UNGUARDED_AVAILABILITY = YES_AGGRESSIVE;
				CLANG_WARN_UNREACHABLE_CODE = YES;
				CLANG_WARN__DUPLICATE_METHOD_MATCH = YES;
				COPY_PHASE_STRIP = NO;
				DEBUG_INFORMATION_FORMAT = dwarf;
				ENABLE_STRICT_OBJC_MSGSEND = YES;
				ENABLE_TESTABILITY = YES;
				GCC_C_LANGUAGE_STANDARD = gnu11;
				GCC_DYNAMIC_NO_PIC = NO;
				GCC_NO_COMMON_BLOCKS = YES;
				GCC_OPTIMIZATION_LEVEL = 0;
				GCC_PREPROCESSOR_DEFINITIONS = (
					"DEBUG=1",
					"$(inherited)",
				);
				GCC_WARN_64_TO_32_BIT_CONVERSION = YES;
				GCC_WARN_ABOUT_RETURN_TYPE = YES_ERROR;
				GCC_WARN_UNDECLARED_SELECTOR = YES;
				GCC_WARN_UNINITIALIZED_AUTOS = YES_AGGRESSIVE;
				GCC_WARN_UNUSED_FUNCTION = YES;
				GCC_WARN_UNUSED_VARIABLE = YES;
				IPHONEOS_DEPLOYMENT_TARGET = 15.2;
				MTL_ENABLE_DEBUG_INFO = INCLUDE_SOURCE;
				MTL_FAST_MATH = YES;
				ONLY_ACTIVE_ARCH = YES;
				SDKROOT = iphoneos;
				SWIFT_ACTIVE_COMPILATION_CONDITIONS = DEBUG;
				SWIFT_OPTIMIZATION_LEVEL = "-Onone";
			};
			name = Debug;
		};
		986D9E6F27C54354005B1AAD /* Release */ = {
			isa = XCBuildConfiguration;
			buildSettings = {
				ALWAYS_SEARCH_USER_PATHS = NO;
				CLANG_ANALYZER_NONNULL = YES;
				CLANG_ANALYZER_NUMBER_OBJECT_CONVERSION = YES_AGGRESSIVE;
				CLANG_CXX_LANGUAGE_STANDARD = "gnu++17";
				CLANG_CXX_LIBRARY = "libc++";
				CLANG_ENABLE_MODULES = YES;
				CLANG_ENABLE_OBJC_ARC = YES;
				CLANG_ENABLE_OBJC_WEAK = YES;
				CLANG_WARN_BLOCK_CAPTURE_AUTORELEASING = YES;
				CLANG_WARN_BOOL_CONVERSION = YES;
				CLANG_WARN_COMMA = YES;
				CLANG_WARN_CONSTANT_CONVERSION = YES;
				CLANG_WARN_DEPRECATED_OBJC_IMPLEMENTATIONS = YES;
				CLANG_WARN_DIRECT_OBJC_ISA_USAGE = YES_ERROR;
				CLANG_WARN_DOCUMENTATION_COMMENTS = YES;
				CLANG_WARN_EMPTY_BODY = YES;
				CLANG_WARN_ENUM_CONVERSION = YES;
				CLANG_WARN_INFINITE_RECURSION = YES;
				CLANG_WARN_INT_CONVERSION = YES;
				CLANG_WARN_NON_LITERAL_NULL_CONVERSION = YES;
				CLANG_WARN_OBJC_IMPLICIT_RETAIN_SELF = YES;
				CLANG_WARN_OBJC_LITERAL_CONVERSION = YES;
				CLANG_WARN_OBJC_ROOT_CLASS = YES_ERROR;
				CLANG_WARN_QUOTED_INCLUDE_IN_FRAMEWORK_HEADER = YES;
				CLANG_WARN_RANGE_LOOP_ANALYSIS = YES;
				CLANG_WARN_STRICT_PROTOTYPES = YES;
				CLANG_WARN_SUSPICIOUS_MOVE = YES;
				CLANG_WARN_UNGUARDED_AVAILABILITY = YES_AGGRESSIVE;
				CLANG_WARN_UNREACHABLE_CODE = YES;
				CLANG_WARN__DUPLICATE_METHOD_MATCH = YES;
				COPY_PHASE_STRIP = NO;
				DEBUG_INFORMATION_FORMAT = "dwarf-with-dsym";
				ENABLE_NS_ASSERTIONS = NO;
				ENABLE_STRICT_OBJC_MSGSEND = YES;
				GCC_C_LANGUAGE_STANDARD = gnu11;
				GCC_NO_COMMON_BLOCKS = YES;
				GCC_WARN_64_TO_32_BIT_CONVERSION = YES;
				GCC_WARN_ABOUT_RETURN_TYPE = YES_ERROR;
				GCC_WARN_UNDECLARED_SELECTOR = YES;
				GCC_WARN_UNINITIALIZED_AUTOS = YES_AGGRESSIVE;
				GCC_WARN_UNUSED_FUNCTION = YES;
				GCC_WARN_UNUSED_VARIABLE = YES;
				IPHONEOS_DEPLOYMENT_TARGET = 15.2;
				MTL_ENABLE_DEBUG_INFO = NO;
				MTL_FAST_MATH = YES;
				SDKROOT = iphoneos;
				SWIFT_COMPILATION_MODE = wholemodule;
				SWIFT_OPTIMIZATION_LEVEL = "-O";
				VALIDATE_PRODUCT = YES;
			};
			name = Release;
		};
		986D9E7127C54354005B1AAD /* Debug */ = {
			isa = XCBuildConfiguration;
			buildSettings = {
				ASSETCATALOG_COMPILER_APPICON_NAME = AppIcon;
				ASSETCATALOG_COMPILER_GLOBAL_ACCENT_COLOR_NAME = AccentColor;
				CODE_SIGN_STYLE = Automatic;
				CURRENT_PROJECT_VERSION = 1;
				GENERATE_INFOPLIST_FILE = YES;
				INFOPLIST_FILE = WordGuessApp/Info.plist;
				INFOPLIST_KEY_CFBundleDisplayName = WordGuessApp;
				INFOPLIST_KEY_UIApplicationSupportsIndirectInputEvents = YES;
				INFOPLIST_KEY_UILaunchStoryboardName = LaunchScreen;
				INFOPLIST_KEY_UIMainStoryboardFile = Main;
				INFOPLIST_KEY_UISupportedInterfaceOrientations_iPad = "UIInterfaceOrientationPortrait UIInterfaceOrientationPortraitUpsideDown UIInterfaceOrientationLandscapeLeft UIInterfaceOrientationLandscapeRight";
				INFOPLIST_KEY_UISupportedInterfaceOrientations_iPhone = "UIInterfaceOrientationPortrait UIInterfaceOrientationLandscapeLeft UIInterfaceOrientationLandscapeRight";
				LD_RUNPATH_SEARCH_PATHS = (
					"$(inherited)",
					"@executable_path/Frameworks",
				);
				MARKETING_VERSION = 1.0;
				PRODUCT_BUNDLE_IDENTIFIER = nwmsustudent.WordGuessApp;
				PRODUCT_NAME = "$(TARGET_NAME)";
				SWIFT_EMIT_LOC_STRINGS = YES;
				SWIFT_VERSION = 5.0;
				TARGETED_DEVICE_FAMILY = "1,2";
			};
			name = Debug;
		};
		986D9E7227C54354005B1AAD /* Release */ = {
			isa = XCBuildConfiguration;
			buildSettings = {
				ASSETCATALOG_COMPILER_APPICON_NAME = AppIcon;
				ASSETCATALOG_COMPILER_GLOBAL_ACCENT_COLOR_NAME = AccentColor;
				CODE_SIGN_STYLE = Automatic;
				CURRENT_PROJECT_VERSION = 1;
				GENERATE_INFOPLIST_FILE = YES;
				INFOPLIST_FILE = WordGuessApp/Info.plist;
				INFOPLIST_KEY_CFBundleDisplayName = WordGuessApp;
				INFOPLIST_KEY_UIApplicationSupportsIndirectInputEvents = YES;
				INFOPLIST_KEY_UILaunchStoryboardName = LaunchScreen;
				INFOPLIST_KEY_UIMainStoryboardFile = Main;
				INFOPLIST_KEY_UISupportedInterfaceOrientations_iPad = "UIInterfaceOrientationPortrait UIInterfaceOrientationPortraitUpsideDown UIInterfaceOrientationLandscapeLeft UIInterfaceOrientationLandscapeRight";
				INFOPLIST_KEY_UISupportedInterfaceOrientations_iPhone = "UIInterfaceOrientationPortrait UIInterfaceOrientationLandscapeLeft UIInterfaceOrientationLandscapeRight";
				LD_RUNPATH_SEARCH_PATHS = (
					"$(inherited)",
					"@executable_path/Frameworks",
				);
				MARKETING_VERSION = 1.0;
				PRODUCT_BUNDLE_IDENTIFIER = nwmsustudent.WordGuessApp;
				PRODUCT_NAME = "$(TARGET_NAME)";
				SWIFT_EMIT_LOC_STRINGS = YES;
				SWIFT_VERSION = 5.0;
				TARGETED_DEVICE_FAMILY = "1,2";
			};
			name = Release;
		};
		986D9E7427C54354005B1AAD /* Debug */ = {
			isa = XCBuildConfiguration;
			buildSettings = {
				ALWAYS_EMBED_SWIFT_STANDARD_LIBRARIES = YES;
				BUNDLE_LOADER = "$(TEST_HOST)";
				CODE_SIGN_STYLE = Automatic;
				CURRENT_PROJECT_VERSION = 1;
				GENERATE_INFOPLIST_FILE = YES;
				IPHONEOS_DEPLOYMENT_TARGET = 15.2;
				MARKETING_VERSION = 1.0;
				PRODUCT_BUNDLE_IDENTIFIER = nwmsustudent.WordGuessAppTests;
				PRODUCT_NAME = "$(TARGET_NAME)";
				SWIFT_EMIT_LOC_STRINGS = NO;
				SWIFT_VERSION = 5.0;
				TARGETED_DEVICE_FAMILY = "1,2";
				TEST_HOST = "$(BUILT_PRODUCTS_DIR)/WordGuessApp.app/WordGuessApp";
			};
			name = Debug;
		};
		986D9E7527C54354005B1AAD /* Release */ = {
			isa = XCBuildConfiguration;
			buildSettings = {
				ALWAYS_EMBED_SWIFT_STANDARD_LIBRARIES = YES;
				BUNDLE_LOADER = "$(TEST_HOST)";
				CODE_SIGN_STYLE = Automatic;
				CURRENT_PROJECT_VERSION = 1;
				GENERATE_INFOPLIST_FILE = YES;
				IPHONEOS_DEPLOYMENT_TARGET = 15.2;
				MARKETING_VERSION = 1.0;
				PRODUCT_BUNDLE_IDENTIFIER = nwmsustudent.WordGuessAppTests;
				PRODUCT_NAME = "$(TARGET_NAME)";
				SWIFT_EMIT_LOC_STRINGS = NO;
				SWIFT_VERSION = 5.0;
				TARGETED_DEVICE_FAMILY = "1,2";
				TEST_HOST = "$(BUILT_PRODUCTS_DIR)/WordGuessApp.app/WordGuessApp";
			};
			name = Release;
		};
		986D9E7727C54354005B1AAD /* Debug */ = {
			isa = XCBuildConfiguration;
			buildSettings = {
				ALWAYS_EMBED_SWIFT_STANDARD_LIBRARIES = YES;
				CODE_SIGN_STYLE = Automatic;
				CURRENT_PROJECT_VERSION = 1;
				GENERATE_INFOPLIST_FILE = YES;
				MARKETING_VERSION = 1.0;
				PRODUCT_BUNDLE_IDENTIFIER = nwmsustudent.WordGuessAppUITests;
				PRODUCT_NAME = "$(TARGET_NAME)";
				SWIFT_EMIT_LOC_STRINGS = NO;
				SWIFT_VERSION = 5.0;
				TARGETED_DEVICE_FAMILY = "1,2";
				TEST_TARGET_NAME = WordGuessApp;
			};
			name = Debug;
		};
		986D9E7827C54354005B1AAD /* Release */ = {
			isa = XCBuildConfiguration;
			buildSettings = {
				ALWAYS_EMBED_SWIFT_STANDARD_LIBRARIES = YES;
				CODE_SIGN_STYLE = Automatic;
				CURRENT_PROJECT_VERSION = 1;
				GENERATE_INFOPLIST_FILE = YES;
				MARKETING_VERSION = 1.0;
				PRODUCT_BUNDLE_IDENTIFIER = nwmsustudent.WordGuessAppUITests;
				PRODUCT_NAME = "$(TARGET_NAME)";
				SWIFT_EMIT_LOC_STRINGS = NO;
				SWIFT_VERSION = 5.0;
				TARGETED_DEVICE_FAMILY = "1,2";
				TEST_TARGET_NAME = WordGuessApp;
			};
			name = Release;
		};
/* End XCBuildConfiguration section */

/* Begin XCConfigurationList section */
		986D9E4127C54353005B1AAD /* Build configuration list for PBXProject "WordGuessApp" */ = {
			isa = XCConfigurationList;
			buildConfigurations = (
				986D9E6E27C54354005B1AAD /* Debug */,
				986D9E6F27C54354005B1AAD /* Release */,
			);
			defaultConfigurationIsVisible = 0;
			defaultConfigurationName = Release;
		};
		986D9E7027C54354005B1AAD /* Build configuration list for PBXNativeTarget "WordGuessApp" */ = {
			isa = XCConfigurationList;
			buildConfigurations = (
				986D9E7127C54354005B1AAD /* Debug */,
				986D9E7227C54354005B1AAD /* Release */,
			);
			defaultConfigurationIsVisible = 0;
			defaultConfigurationName = Release;
		};
		986D9E7327C54354005B1AAD /* Build configuration list for PBXNativeTarget "WordGuessAppTests" */ = {
			isa = XCConfigurationList;
			buildConfigurations = (
				986D9E7427C54354005B1AAD /* Debug */,
				986D9E7527C54354005B1AAD /* Release */,
			);
			defaultConfigurationIsVisible = 0;
			defaultConfigurationName = Release;
		};
		986D9E7627C54354005B1AAD /* Build configuration list for PBXNativeTarget "WordGuessAppUITests" */ = {
			isa = XCConfigurationList;
			buildConfigurations = (
				986D9E7727C54354005B1AAD /* Debug */,
				986D9E7827C54354005B1AAD /* Release */,
			);
			defaultConfigurationIsVisible = 0;
			defaultConfigurationName = Release;
		};
/* End XCConfigurationList section */
	};
	rootObject = 986D9E3E27C54353005B1AAD /* Project object */;
}
