// !$*UTF8*$!
{
	archiveVersion = 1;
	classes = {
	};
	objectVersion = 55;
	objects = {

/* Begin PBXBuildFile section */
		98602EB02799C4E400954656 /* AppDelegate.swift in Sources */ = {isa = PBXBuildFile; fileRef = 98602EAF2799C4E400954656 /* AppDelegate.swift */; };
		98602EB22799C4E400954656 /* SceneDelegate.swift in Sources */ = {isa = PBXBuildFile; fileRef = 98602EB12799C4E400954656 /* SceneDelegate.swift */; };
		98602EB42799C4E400954656 /* ViewController.swift in Sources */ = {isa = PBXBuildFile; fileRef = 98602EB32799C4E400954656 /* ViewController.swift */; };
		98602EB72799C4E400954656 /* Main.storyboard in Resources */ = {isa = PBXBuildFile; fileRef = 98602EB52799C4E400954656 /* Main.storyboard */; };
		98602EB92799C4E600954656 /* Assets.xcassets in Resources */ = {isa = PBXBuildFile; fileRef = 98602EB82799C4E600954656 /* Assets.xcassets */; };
		98602EBC2799C4E600954656 /* LaunchScreen.storyboard in Resources */ = {isa = PBXBuildFile; fileRef = 98602EBA2799C4E600954656 /* LaunchScreen.storyboard */; };
		98602EC72799C4E600954656 /* GreetingsAppTests.swift in Sources */ = {isa = PBXBuildFile; fileRef = 98602EC62799C4E600954656 /* GreetingsAppTests.swift */; };
		98602ED12799C4E600954656 /* GreetingsAppUITests.swift in Sources */ = {isa = PBXBuildFile; fileRef = 98602ED02799C4E600954656 /* GreetingsAppUITests.swift */; };
		98602ED32799C4E600954656 /* GreetingsAppUITestsLaunchTests.swift in Sources */ = {isa = PBXBuildFile; fileRef = 98602ED22799C4E600954656 /* GreetingsAppUITestsLaunchTests.swift */; };
/* End PBXBuildFile section */

/* Begin PBXContainerItemProxy section */
		98602EC32799C4E600954656 /* PBXContainerItemProxy */ = {
			isa = PBXContainerItemProxy;
			containerPortal = 98602EA42799C4E400954656 /* Project object */;
			proxyType = 1;
			remoteGlobalIDString = 98602EAB2799C4E400954656;
			remoteInfo = GreetingsApp;
		};
		98602ECD2799C4E600954656 /* PBXContainerItemProxy */ = {
			isa = PBXContainerItemProxy;
			containerPortal = 98602EA42799C4E400954656 /* Project object */;
			proxyType = 1;
			remoteGlobalIDString = 98602EAB2799C4E400954656;
			remoteInfo = GreetingsApp;
		};
/* End PBXContainerItemProxy section */

/* Begin PBXFileReference section */
		98602EAC2799C4E400954656 /* GreetingsApp.app */ = {isa = PBXFileReference; explicitFileType = wrapper.application; includeInIndex = 0; path = GreetingsApp.app; sourceTree = BUILT_PRODUCTS_DIR; };
		98602EAF2799C4E400954656 /* AppDelegate.swift */ = {isa = PBXFileReference; lastKnownFileType = sourcecode.swift; path = AppDelegate.swift; sourceTree = "<group>"; };
		98602EB12799C4E400954656 /* SceneDelegate.swift */ = {isa = PBXFileReference; lastKnownFileType = sourcecode.swift; path = SceneDelegate.swift; sourceTree = "<group>"; };
		98602EB32799C4E400954656 /* ViewController.swift */ = {isa = PBXFileReference; lastKnownFileType = sourcecode.swift; path = ViewController.swift; sourceTree = "<group>"; };
		98602EB62799C4E400954656 /* Base */ = {isa = PBXFileReference; lastKnownFileType = file.storyboard; name = Base; path = Base.lproj/Main.storyboard; sourceTree = "<group>"; };
		98602EB82799C4E600954656 /* Assets.xcassets */ = {isa = PBXFileReference; lastKnownFileType = folder.assetcatalog; path = Assets.xcassets; sourceTree = "<group>"; };
		98602EBB2799C4E600954656 /* Base */ = {isa = PBXFileReference; lastKnownFileType = file.storyboard; name = Base; path = Base.lproj/LaunchScreen.storyboard; sourceTree = "<group>"; };
		98602EBD2799C4E600954656 /* Info.plist */ = {isa = PBXFileReference; lastKnownFileType = text.plist.xml; path = Info.plist; sourceTree = "<group>"; };
		98602EC22799C4E600954656 /* GreetingsAppTests.xctest */ = {isa = PBXFileReference; explicitFileType = wrapper.cfbundle; includeInIndex = 0; path = GreetingsAppTests.xctest; sourceTree = BUILT_PRODUCTS_DIR; };
		98602EC62799C4E600954656 /* GreetingsAppTests.swift */ = {isa = PBXFileReference; lastKnownFileType = sourcecode.swift; path = GreetingsAppTests.swift; sourceTree = "<group>"; };
		98602ECC2799C4E600954656 /* GreetingsAppUITests.xctest */ = {isa = PBXFileReference; explicitFileType = wrapper.cfbundle; includeInIndex = 0; path = GreetingsAppUITests.xctest; sourceTree = BUILT_PRODUCTS_DIR; };
		98602ED02799C4E600954656 /* GreetingsAppUITests.swift */ = {isa = PBXFileReference; lastKnownFileType = sourcecode.swift; path = GreetingsAppUITests.swift; sourceTree = "<group>"; };
		98602ED22799C4E600954656 /* GreetingsAppUITestsLaunchTests.swift */ = {isa = PBXFileReference; lastKnownFileType = sourcecode.swift; path = GreetingsAppUITestsLaunchTests.swift; sourceTree = "<group>"; };
/* End PBXFileReference section */

/* Begin PBXFrameworksBuildPhase section */
		98602EA92799C4E400954656 /* Frameworks */ = {
			isa = PBXFrameworksBuildPhase;
			buildActionMask = 2147483647;
			files = (
			);
			runOnlyForDeploymentPostprocessing = 0;
		};
		98602EBF2799C4E600954656 /* Frameworks */ = {
			isa = PBXFrameworksBuildPhase;
			buildActionMask = 2147483647;
			files = (
			);
			runOnlyForDeploymentPostprocessing = 0;
		};
		98602EC92799C4E600954656 /* Frameworks */ = {
			isa = PBXFrameworksBuildPhase;
			buildActionMask = 2147483647;
			files = (
			);
			runOnlyForDeploymentPostprocessing = 0;
		};
/* End PBXFrameworksBuildPhase section */

/* Begin PBXGroup section */
		98602EA32799C4E400954656 = {
			isa = PBXGroup;
			children = (
				98602EAE2799C4E400954656 /* GreetingsApp */,
				98602EC52799C4E600954656 /* GreetingsAppTests */,
				98602ECF2799C4E600954656 /* GreetingsAppUITests */,
				98602EAD2799C4E400954656 /* Products */,
			);
			sourceTree = "<group>";
		};
		98602EAD2799C4E400954656 /* Products */ = {
			isa = PBXGroup;
			children = (
				98602EAC2799C4E400954656 /* GreetingsApp.app */,
				98602EC22799C4E600954656 /* GreetingsAppTests.xctest */,
				98602ECC2799C4E600954656 /* GreetingsAppUITests.xctest */,
			);
			name = Products;
			sourceTree = "<group>";
		};
		98602EAE2799C4E400954656 /* GreetingsApp */ = {
			isa = PBXGroup;
			children = (
				98602EAF2799C4E400954656 /* AppDelegate.swift */,
				98602EB12799C4E400954656 /* SceneDelegate.swift */,
				98602EB32799C4E400954656 /* ViewController.swift */,
				98602EB52799C4E400954656 /* Main.storyboard */,
				98602EB82799C4E600954656 /* Assets.xcassets */,
				98602EBA2799C4E600954656 /* LaunchScreen.storyboard */,
				98602EBD2799C4E600954656 /* Info.plist */,
			);
			path = GreetingsApp;
			sourceTree = "<group>";
		};
		98602EC52799C4E600954656 /* GreetingsAppTests */ = {
			isa = PBXGroup;
			children = (
				98602EC62799C4E600954656 /* GreetingsAppTests.swift */,
			);
			path = GreetingsAppTests;
			sourceTree = "<group>";
		};
		98602ECF2799C4E600954656 /* GreetingsAppUITests */ = {
			isa = PBXGroup;
			children = (
				98602ED02799C4E600954656 /* GreetingsAppUITests.swift */,
				98602ED22799C4E600954656 /* GreetingsAppUITestsLaunchTests.swift */,
			);
			path = GreetingsAppUITests;
			sourceTree = "<group>";
		};
/* End PBXGroup section */

/* Begin PBXNativeTarget section */
		98602EAB2799C4E400954656 /* GreetingsApp */ = {
			isa = PBXNativeTarget;
			buildConfigurationList = 98602ED62799C4E600954656 /* Build configuration list for PBXNativeTarget "GreetingsApp" */;
			buildPhases = (
				98602EA82799C4E400954656 /* Sources */,
				98602EA92799C4E400954656 /* Frameworks */,
				98602EAA2799C4E400954656 /* Resources */,
			);
			buildRules = (
			);
			dependencies = (
			);
			name = GreetingsApp;
			productName = GreetingsApp;
			productReference = 98602EAC2799C4E400954656 /* GreetingsApp.app */;
			productType = "com.apple.product-type.application";
		};
		98602EC12799C4E600954656 /* GreetingsAppTests */ = {
			isa = PBXNativeTarget;
			buildConfigurationList = 98602ED92799C4E600954656 /* Build configuration list for PBXNativeTarget "GreetingsAppTests" */;
			buildPhases = (
				98602EBE2799C4E600954656 /* Sources */,
				98602EBF2799C4E600954656 /* Frameworks */,
				98602EC02799C4E600954656 /* Resources */,
			);
			buildRules = (
			);
			dependencies = (
				98602EC42799C4E600954656 /* PBXTargetDependency */,
			);
			name = GreetingsAppTests;
			productName = GreetingsAppTests;
			productReference = 98602EC22799C4E600954656 /* GreetingsAppTests.xctest */;
			productType = "com.apple.product-type.bundle.unit-test";
		};
		98602ECB2799C4E600954656 /* GreetingsAppUITests */ = {
			isa = PBXNativeTarget;
			buildConfigurationList = 98602EDC2799C4E600954656 /* Build configuration list for PBXNativeTarget "GreetingsAppUITests" */;
			buildPhases = (
				98602EC82799C4E600954656 /* Sources */,
				98602EC92799C4E600954656 /* Frameworks */,
				98602ECA2799C4E600954656 /* Resources */,
			);
			buildRules = (
			);
			dependencies = (
				98602ECE2799C4E600954656 /* PBXTargetDependency */,
			);
			name = GreetingsAppUITests;
			productName = GreetingsAppUITests;
			productReference = 98602ECC2799C4E600954656 /* GreetingsAppUITests.xctest */;
			productType = "com.apple.product-type.bundle.ui-testing";
		};
/* End PBXNativeTarget section */

/* Begin PBXProject section */
		98602EA42799C4E400954656 /* Project object */ = {
			isa = PBXProject;
			attributes = {
				BuildIndependentTargetsInParallel = 1;
				LastSwiftUpdateCheck = 1320;
				LastUpgradeCheck = 1320;
				TargetAttributes = {
					98602EAB2799C4E400954656 = {
						CreatedOnToolsVersion = 13.2.1;
					};
					98602EC12799C4E600954656 = {
						CreatedOnToolsVersion = 13.2.1;
						TestTargetID = 98602EAB2799C4E400954656;
					};
					98602ECB2799C4E600954656 = {
						CreatedOnToolsVersion = 13.2.1;
						TestTargetID = 98602EAB2799C4E400954656;
					};
				};
			};
			buildConfigurationList = 98602EA72799C4E400954656 /* Build configuration list for PBXProject "GreetingsApp" */;
			compatibilityVersion = "Xcode 13.0";
			developmentRegion = en;
			hasScannedForEncodings = 0;
			knownRegions = (
				en,
				Base,
			);
			mainGroup = 98602EA32799C4E400954656;
			productRefGroup = 98602EAD2799C4E400954656 /* Products */;
			projectDirPath = "";
			projectRoot = "";
			targets = (
				98602EAB2799C4E400954656 /* GreetingsApp */,
				98602EC12799C4E600954656 /* GreetingsAppTests */,
				98602ECB2799C4E600954656 /* GreetingsAppUITests */,
			);
		};
/* End PBXProject section */

/* Begin PBXResourcesBuildPhase section */
		98602EAA2799C4E400954656 /* Resources */ = {
			isa = PBXResourcesBuildPhase;
			buildActionMask = 2147483647;
			files = (
				98602EBC2799C4E600954656 /* LaunchScreen.storyboard in Resources */,
				98602EB92799C4E600954656 /* Assets.xcassets in Resources */,
				98602EB72799C4E400954656 /* Main.storyboard in Resources */,
			);
			runOnlyForDeploymentPostprocessing = 0;
		};
		98602EC02799C4E600954656 /* Resources */ = {
			isa = PBXResourcesBuildPhase;
			buildActionMask = 2147483647;
			files = (
			);
			runOnlyForDeploymentPostprocessing = 0;
		};
		98602ECA2799C4E600954656 /* Resources */ = {
			isa = PBXResourcesBuildPhase;
			buildActionMask = 2147483647;
			files = (
			);
			runOnlyForDeploymentPostprocessing = 0;
		};
/* End PBXResourcesBuildPhase section */

/* Begin PBXSourcesBuildPhase section */
		98602EA82799C4E400954656 /* Sources */ = {
			isa = PBXSourcesBuildPhase;
			buildActionMask = 2147483647;
			files = (
				98602EB42799C4E400954656 /* ViewController.swift in Sources */,
				98602EB02799C4E400954656 /* AppDelegate.swift in Sources */,
				98602EB22799C4E400954656 /* SceneDelegate.swift in Sources */,
			);
			runOnlyForDeploymentPostprocessing = 0;
		};
		98602EBE2799C4E600954656 /* Sources */ = {
			isa = PBXSourcesBuildPhase;
			buildActionMask = 2147483647;
			files = (
				98602EC72799C4E600954656 /* GreetingsAppTests.swift in Sources */,
			);
			runOnlyForDeploymentPostprocessing = 0;
		};
		98602EC82799C4E600954656 /* Sources */ = {
			isa = PBXSourcesBuildPhase;
			buildActionMask = 2147483647;
			files = (
				98602ED12799C4E600954656 /* GreetingsAppUITests.swift in Sources */,
				98602ED32799C4E600954656 /* GreetingsAppUITestsLaunchTests.swift in Sources */,
			);
			runOnlyForDeploymentPostprocessing = 0;
		};
/* End PBXSourcesBuildPhase section */

/* Begin PBXTargetDependency section */
		98602EC42799C4E600954656 /* PBXTargetDependency */ = {
			isa = PBXTargetDependency;
			target = 98602EAB2799C4E400954656 /* GreetingsApp */;
			targetProxy = 98602EC32799C4E600954656 /* PBXContainerItemProxy */;
		};
		98602ECE2799C4E600954656 /* PBXTargetDependency */ = {
			isa = PBXTargetDependency;
			target = 98602EAB2799C4E400954656 /* GreetingsApp */;
			targetProxy = 98602ECD2799C4E600954656 /* PBXContainerItemProxy */;
		};
/* End PBXTargetDependency section */

/* Begin PBXVariantGroup section */
		98602EB52799C4E400954656 /* Main.storyboard */ = {
			isa = PBXVariantGroup;
			children = (
				98602EB62799C4E400954656 /* Base */,
			);
			name = Main.storyboard;
			sourceTree = "<group>";
		};
		98602EBA2799C4E600954656 /* LaunchScreen.storyboard */ = {
			isa = PBXVariantGroup;
			children = (
				98602EBB2799C4E600954656 /* Base */,
			);
			name = LaunchScreen.storyboard;
			sourceTree = "<group>";
		};
/* End PBXVariantGroup section */

/* Begin XCBuildConfiguration section */
		98602ED42799C4E600954656 /* Debug */ = {
			isa = XCBuildConfiguration;
			buildSettings = {
				ALWAYS_SEARCH_USER_PATHS = NO;
				CLANG_ANALYZER_NONNULL = YES;
				CLANG_ANALYZER_NUMBER_OBJECT_CONVERSION = YES_AGGRESSIVE;
				CLANG_CXX_LANGUAGE_STANDARD = "gnu++17";
				CLANG_CXX_LIBRARY = "libc++";
				CLANG_ENABLE_MODULES = YES;
				CLANG_ENABLE_OBJC_ARC = YES;
				CLANG_ENABLE_OBJC_WEAK = YES;
				CLANG_WARN_BLOCK_CAPTURE_AUTORELEASING = YES;
				CLANG_WARN_BOOL_CONVERSION = YES;
				CLANG_WARN_COMMA = YES;
				CLANG_WARN_CONSTANT_CONVERSION = YES;
				CLANG_WARN_DEPRECATED_OBJC_IMPLEMENTATIONS = YES;
				CLANG_WARN_DIRECT_OBJC_ISA_USAGE = YES_ERROR;
				CLANG_WARN_DOCUMENTATION_COMMENTS = YES;
				CLANG_WARN_EMPTY_BODY = YES;
				CLANG_WARN_ENUM_CONVERSION = YES;
				CLANG_WARN_INFINITE_RECURSION = YES;
				CLANG_WARN_INT_CONVERSION = YES;
				CLANG_WARN_NON_LITERAL_NULL_CONVERSION = YES;
				CLANG_WARN_OBJC_IMPLICIT_RETAIN_SELF = YES;
				CLANG_WARN_OBJC_LITERAL_CONVERSION = YES;
				CLANG_WARN_OBJC_ROOT_CLASS = YES_ERROR;
				CLANG_WARN_QUOTED_INCLUDE_IN_FRAMEWORK_HEADER = YES;
				CLANG_WARN_RANGE_LOOP_ANALYSIS = YES;
				CLANG_WARN_STRICT_PROTOTYPES = YES;
				CLANG_WARN_SUSPICIOUS_MOVE = YES;
				CLANG_WARN_UNGUARDED_AVAILABILITY = YES_AGGRESSIVE;
				CLANG_WARN_UNREACHABLE_CODE = YES;
				CLANG_WARN__DUPLICATE_METHOD_MATCH = YES;
				COPY_PHASE_STRIP = NO;
				DEBUG_INFORMATION_FORMAT = dwarf;
				ENABLE_STRICT_OBJC_MSGSEND = YES;
				ENABLE_TESTABILITY = YES;
				GCC_C_LANGUAGE_STANDARD = gnu11;
				GCC_DYNAMIC_NO_PIC = NO;
				GCC_NO_COMMON_BLOCKS = YES;
				GCC_OPTIMIZATION_LEVEL = 0;
				GCC_PREPROCESSOR_DEFINITIONS = (
					"DEBUG=1",
					"$(inherited)",
				);
				GCC_WARN_64_TO_32_BIT_CONVERSION = YES;
				GCC_WARN_ABOUT_RETURN_TYPE = YES_ERROR;
				GCC_WARN_UNDECLARED_SELECTOR = YES;
				GCC_WARN_UNINITIALIZED_AUTOS = YES_AGGRESSIVE;
				GCC_WARN_UNUSED_FUNCTION = YES;
				GCC_WARN_UNUSED_VARIABLE = YES;
				IPHONEOS_DEPLOYMENT_TARGET = 15.2;
				MTL_ENABLE_DEBUG_INFO = INCLUDE_SOURCE;
				MTL_FAST_MATH = YES;
				ONLY_ACTIVE_ARCH = YES;
				SDKROOT = iphoneos;
				SWIFT_ACTIVE_COMPILATION_CONDITIONS = DEBUG;
				SWIFT_OPTIMIZATION_LEVEL = "-Onone";
			};
			name = Debug;
		};
		98602ED52799C4E600954656 /* Release */ = {
			isa = XCBuildConfiguration;
			buildSettings = {
				ALWAYS_SEARCH_USER_PATHS = NO;
				CLANG_ANALYZER_NONNULL = YES;
				CLANG_ANALYZER_NUMBER_OBJECT_CONVERSION = YES_AGGRESSIVE;
				CLANG_CXX_LANGUAGE_STANDARD = "gnu++17";
				CLANG_CXX_LIBRARY = "libc++";
				CLANG_ENABLE_MODULES = YES;
				CLANG_ENABLE_OBJC_ARC = YES;
				CLANG_ENABLE_OBJC_WEAK = YES;
				CLANG_WARN_BLOCK_CAPTURE_AUTORELEASING = YES;
				CLANG_WARN_BOOL_CONVERSION = YES;
				CLANG_WARN_COMMA = YES;
				CLANG_WARN_CONSTANT_CONVERSION = YES;
				CLANG_WARN_DEPRECATED_OBJC_IMPLEMENTATIONS = YES;
				CLANG_WARN_DIRECT_OBJC_ISA_USAGE = YES_ERROR;
				CLANG_WARN_DOCUMENTATION_COMMENTS = YES;
				CLANG_WARN_EMPTY_BODY = YES;
				CLANG_WARN_ENUM_CONVERSION = YES;
				CLANG_WARN_INFINITE_RECURSION = YES;
				CLANG_WARN_INT_CONVERSION = YES;
				CLANG_WARN_NON_LITERAL_NULL_CONVERSION = YES;
				CLANG_WARN_OBJC_IMPLICIT_RETAIN_SELF = YES;
				CLANG_WARN_OBJC_LITERAL_CONVERSION = YES;
				CLANG_WARN_OBJC_ROOT_CLASS = YES_ERROR;
				CLANG_WARN_QUOTED_INCLUDE_IN_FRAMEWORK_HEADER = YES;
				CLANG_WARN_RANGE_LOOP_ANALYSIS = YES;
				CLANG_WARN_STRICT_PROTOTYPES = YES;
				CLANG_WARN_SUSPICIOUS_MOVE = YES;
				CLANG_WARN_UNGUARDED_AVAILABILITY = YES_AGGRESSIVE;
				CLANG_WARN_UNREACHABLE_CODE = YES;
				CLANG_WARN__DUPLICATE_METHOD_MATCH = YES;
				COPY_PHASE_STRIP = NO;
				DEBUG_INFORMATION_FORMAT = "dwarf-with-dsym";
				ENABLE_NS_ASSERTIONS = NO;
				ENABLE_STRICT_OBJC_MSGSEND = YES;
				GCC_C_LANGUAGE_STANDARD = gnu11;
				GCC_NO_COMMON_BLOCKS = YES;
				GCC_WARN_64_TO_32_BIT_CONVERSION = YES;
				GCC_WARN_ABOUT_RETURN_TYPE = YES_ERROR;
				GCC_WARN_UNDECLARED_SELECTOR = YES;
				GCC_WARN_UNINITIALIZED_AUTOS = YES_AGGRESSIVE;
				GCC_WARN_UNUSED_FUNCTION = YES;
				GCC_WARN_UNUSED_VARIABLE = YES;
				IPHONEOS_DEPLOYMENT_TARGET = 15.2;
				MTL_ENABLE_DEBUG_INFO = NO;
				MTL_FAST_MATH = YES;
				SDKROOT = iphoneos;
				SWIFT_COMPILATION_MODE = wholemodule;
				SWIFT_OPTIMIZATION_LEVEL = "-O";
				VALIDATE_PRODUCT = YES;
			};
			name = Release;
		};
		98602ED72799C4E600954656 /* Debug */ = {
			isa = XCBuildConfiguration;
			buildSettings = {
				ASSETCATALOG_COMPILER_APPICON_NAME = AppIcon;
				ASSETCATALOG_COMPILER_GLOBAL_ACCENT_COLOR_NAME = AccentColor;
				CODE_SIGN_STYLE = Automatic;
				CURRENT_PROJECT_VERSION = 1;
				GENERATE_INFOPLIST_FILE = YES;
				INFOPLIST_FILE = GreetingsApp/Info.plist;
				INFOPLIST_KEY_CFBundleDisplayName = GreetingsApp;
				INFOPLIST_KEY_UIApplicationSupportsIndirectInputEvents = YES;
				INFOPLIST_KEY_UILaunchStoryboardName = LaunchScreen;
				INFOPLIST_KEY_UIMainStoryboardFile = Main;
				INFOPLIST_KEY_UISupportedInterfaceOrientations_iPad = "UIInterfaceOrientationPortrait UIInterfaceOrientationPortraitUpsideDown UIInterfaceOrientationLandscapeLeft UIInterfaceOrientationLandscapeRight";
				INFOPLIST_KEY_UISupportedInterfaceOrientations_iPhone = "UIInterfaceOrientationPortrait UIInterfaceOrientationLandscapeLeft UIInterfaceOrientationLandscapeRight";
				LD_RUNPATH_SEARCH_PATHS = (
					"$(inherited)",
					"@executable_path/Frameworks",
				);
				MARKETING_VERSION = 1.0;
				PRODUCT_BUNDLE_IDENTIFIER = nwmsustudent.GreetingsApp;
				PRODUCT_NAME = "$(TARGET_NAME)";
				SWIFT_EMIT_LOC_STRINGS = YES;
				SWIFT_VERSION = 5.0;
				TARGETED_DEVICE_FAMILY = "1,2";
			};
			name = Debug;
		};
		98602ED82799C4E600954656 /* Release */ = {
			isa = XCBuildConfiguration;
			buildSettings = {
				ASSETCATALOG_COMPILER_APPICON_NAME = AppIcon;
				ASSETCATALOG_COMPILER_GLOBAL_ACCENT_COLOR_NAME = AccentColor;
				CODE_SIGN_STYLE = Automatic;
				CURRENT_PROJECT_VERSION = 1;
				GENERATE_INFOPLIST_FILE = YES;
				INFOPLIST_FILE = GreetingsApp/Info.plist;
				INFOPLIST_KEY_CFBundleDisplayName = GreetingsApp;
				INFOPLIST_KEY_UIApplicationSupportsIndirectInputEvents = YES;
				INFOPLIST_KEY_UILaunchStoryboardName = LaunchScreen;
				INFOPLIST_KEY_UIMainStoryboardFile = Main;
				INFOPLIST_KEY_UISupportedInterfaceOrientations_iPad = "UIInterfaceOrientationPortrait UIInterfaceOrientationPortraitUpsideDown UIInterfaceOrientationLandscapeLeft UIInterfaceOrientationLandscapeRight";
				INFOPLIST_KEY_UISupportedInterfaceOrientations_iPhone = "UIInterfaceOrientationPortrait UIInterfaceOrientationLandscapeLeft UIInterfaceOrientationLandscapeRight";
				LD_RUNPATH_SEARCH_PATHS = (
					"$(inherited)",
					"@executable_path/Frameworks",
				);
				MARKETING_VERSION = 1.0;
				PRODUCT_BUNDLE_IDENTIFIER = nwmsustudent.GreetingsApp;
				PRODUCT_NAME = "$(TARGET_NAME)";
				SWIFT_EMIT_LOC_STRINGS = YES;
				SWIFT_VERSION = 5.0;
				TARGETED_DEVICE_FAMILY = "1,2";
			};
			name = Release;
		};
		98602EDA2799C4E600954656 /* Debug */ = {
			isa = XCBuildConfiguration;
			buildSettings = {
				ALWAYS_EMBED_SWIFT_STANDARD_LIBRARIES = YES;
				BUNDLE_LOADER = "$(TEST_HOST)";
				CODE_SIGN_STYLE = Automatic;
				CURRENT_PROJECT_VERSION = 1;
				GENERATE_INFOPLIST_FILE = YES;
				IPHONEOS_DEPLOYMENT_TARGET = 15.2;
				MARKETING_VERSION = 1.0;
				PRODUCT_BUNDLE_IDENTIFIER = nwmsustudent.GreetingsAppTests;
				PRODUCT_NAME = "$(TARGET_NAME)";
				SWIFT_EMIT_LOC_STRINGS = NO;
				SWIFT_VERSION = 5.0;
				TARGETED_DEVICE_FAMILY = "1,2";
				TEST_HOST = "$(BUILT_PRODUCTS_DIR)/GreetingsApp.app/GreetingsApp";
			};
			name = Debug;
		};
		98602EDB2799C4E600954656 /* Release */ = {
			isa = XCBuildConfiguration;
			buildSettings = {
				ALWAYS_EMBED_SWIFT_STANDARD_LIBRARIES = YES;
				BUNDLE_LOADER = "$(TEST_HOST)";
				CODE_SIGN_STYLE = Automatic;
				CURRENT_PROJECT_VERSION = 1;
				GENERATE_INFOPLIST_FILE = YES;
				IPHONEOS_DEPLOYMENT_TARGET = 15.2;
				MARKETING_VERSION = 1.0;
				PRODUCT_BUNDLE_IDENTIFIER = nwmsustudent.GreetingsAppTests;
				PRODUCT_NAME = "$(TARGET_NAME)";
				SWIFT_EMIT_LOC_STRINGS = NO;
				SWIFT_VERSION = 5.0;
				TARGETED_DEVICE_FAMILY = "1,2";
				TEST_HOST = "$(BUILT_PRODUCTS_DIR)/GreetingsApp.app/GreetingsApp";
			};
			name = Release;
		};
		98602EDD2799C4E600954656 /* Debug */ = {
			isa = XCBuildConfiguration;
			buildSettings = {
				ALWAYS_EMBED_SWIFT_STANDARD_LIBRARIES = YES;
				CODE_SIGN_STYLE = Automatic;
				CURRENT_PROJECT_VERSION = 1;
				GENERATE_INFOPLIST_FILE = YES;
				MARKETING_VERSION = 1.0;
				PRODUCT_BUNDLE_IDENTIFIER = nwmsustudent.GreetingsAppUITests;
				PRODUCT_NAME = "$(TARGET_NAME)";
				SWIFT_EMIT_LOC_STRINGS = NO;
				SWIFT_VERSION = 5.0;
				TARGETED_DEVICE_FAMILY = "1,2";
				TEST_TARGET_NAME = GreetingsApp;
			};
			name = Debug;
		};
		98602EDE2799C4E600954656 /* Release */ = {
			isa = XCBuildConfiguration;
			buildSettings = {
				ALWAYS_EMBED_SWIFT_STANDARD_LIBRARIES = YES;
				CODE_SIGN_STYLE = Automatic;
				CURRENT_PROJECT_VERSION = 1;
				GENERATE_INFOPLIST_FILE = YES;
				MARKETING_VERSION = 1.0;
				PRODUCT_BUNDLE_IDENTIFIER = nwmsustudent.GreetingsAppUITests;
				PRODUCT_NAME = "$(TARGET_NAME)";
				SWIFT_EMIT_LOC_STRINGS = NO;
				SWIFT_VERSION = 5.0;
				TARGETED_DEVICE_FAMILY = "1,2";
				TEST_TARGET_NAME = GreetingsApp;
			};
			name = Release;
		};
/* End XCBuildConfiguration section */

/* Begin XCConfigurationList section */
		98602EA72799C4E400954656 /* Build configuration list for PBXProject "GreetingsApp" */ = {
			isa = XCConfigurationList;
			buildConfigurations = (
				98602ED42799C4E600954656 /* Debug */,
				98602ED52799C4E600954656 /* Release */,
			);
			defaultConfigurationIsVisible = 0;
			defaultConfigurationName = Release;
		};
		98602ED62799C4E600954656 /* Build configuration list for PBXNativeTarget "GreetingsApp" */ = {
			isa = XCConfigurationList;
			buildConfigurations = (
				98602ED72799C4E600954656 /* Debug */,
				98602ED82799C4E600954656 /* Release */,
			);
			defaultConfigurationIsVisible = 0;
			defaultConfigurationName = Release;
		};
		98602ED92799C4E600954656 /* Build configuration list for PBXNativeTarget "GreetingsAppTests" */ = {
			isa = XCConfigurationList;
			buildConfigurations = (
				98602EDA2799C4E600954656 /* Debug */,
				98602EDB2799C4E600954656 /* Release */,
			);
			defaultConfigurationIsVisible = 0;
			defaultConfigurationName = Release;
		};
		98602EDC2799C4E600954656 /* Build configuration list for PBXNativeTarget "GreetingsAppUITests" */ = {
			isa = XCConfigurationList;
			buildConfigurations = (
				98602EDD2799C4E600954656 /* Debug */,
				98602EDE2799C4E600954656 /* Release */,
			);
			defaultConfigurationIsVisible = 0;
			defaultConfigurationName = Release;
		};
/* End XCConfigurationList section */
	};
	rootObject = 98602EA42799C4E400954656 /* Project object */;
}
